
Microsoft Visual Studio Solution File, Format Version 12.00
# Visual Studio Version 16
VisualStudioVersion = 16.0.31005.135
MinimumVisualStudioVersion = 10.0.40219.1
Project("{FAE04EC0-301F-11D3-BF4B-00C04F79EFBC}") = "SusPog", "SusPog\SusPog.csproj", "{A15C4A16-79AD-4748-BAB5-9C8AC491D9BA}"
EndProject
Global
	GlobalSection(SolutionConfigurationPlatforms) = preSolution
		Debug|Any CPU = Debug|Any CPU
		Release|Any CPU = Release|Any CPU
	EndGlobalSection
	GlobalSection(ProjectConfigurationPlatforms) = postSolution
		{A15C4A16-79AD-4748-BAB5-9C8AC491D9BA}.Debug|Any CPU.ActiveCfg = Debug|Any CPU
		{A15C4A16-79AD-4748-BAB5-9C8AC491D9BA}.Debug|Any CPU.Build.0 = Debug|Any CPU
		{A15C4A16-79AD-4748-BAB5-9C8AC491D9BA}.Release|Any CPU.ActiveCfg = Release|Any CPU
		{A15C4A16-79AD-4748-BAB5-9C8AC491D9BA}.Release|Any CPU.Build.0 = Release|Any CPU
	EndGlobalSection
	GlobalSection(SolutionProperties) = preSolution
		HideSolutionNode = FALSE
	EndGlobalSection
	GlobalSection(ExtensibilityGlobals) = postSolution
		SolutionGuid = {B8D01872-E41F-442E-8C04-CE12D83B2850}
	EndGlobalSection
EndGlobal
